
Microsoft Visual Studio Solution File, Format Version 12.00
# Visual Studio Version 17
VisualStudioVersion = 17.0.31903.59
MinimumVisualStudioVersion = 10.0.40219.1
Project("{2150E333-8FDC-42A3-9474-1A3956D46DE8}") = "src", "src", "{827E0CD3-B72D-47B6-A68D-7590B98EB39B}"
EndProject
Project("{FAE04EC0-301F-11D3-BF4B-00C04F79EFBC}") = "Triviador.Domain", "src\Triviador.Domain\Triviador.Domain.csproj", "{357F83AB-ED98-4153-8AAF-097741C3F6FD}"
EndProject
Project("{FAE04EC0-301F-11D3-BF4B-00C04F79EFBC}") = "Triviador.Server", "src\Triviador.Server\Triviador.Server.csproj", "{B800D848-378B-49CB-A6A2-C988BFC81D49}"
EndProject
Project("{FAE04EC0-301F-11D3-BF4B-00C04F79EFBC}") = "Triviador.Domain.Tests", "tests\Triviador.Domain.Tests\Triviador.Domain.Tests.csproj", "{F44D48E1-9E9A-460D-83A3-E043E4BB143D}"
EndProject
Project("{FAE04EC0-301F-11D3-BF4B-00C04F79EFBC}") = "Triviador.Server.Tests", "tests\Triviador.Server.Tests\Triviador.Server.Tests.csproj", "{2FDA9367-D15C-489C-A85B-63EBF68D37B2}"
EndProject
Global
	GlobalSection(SolutionConfigurationPlatforms) = preSolution
		Debug|Any CPU = Debug|Any CPU
		Debug|x64 = Debug|x64
		Debug|x86 = Debug|x86
		Release|Any CPU = Release|Any CPU
		Release|x64 = Release|x64
		Release|x86 = Release|x86
	EndGlobalSection
	GlobalSection(ProjectConfigurationPlatforms) = postSolution
		{357F83AB-ED98-4153-8AAF-097741C3F6FD}.Debug|Any CPU.ActiveCfg = Debug|Any CPU
		{357F83AB-ED98-4153-8AAF-097741C3F6FD}.Debug|Any CPU.Build.0 = Debug|Any CPU
		{357F83AB-ED98-4153-8AAF-097741C3F6FD}.Debug|x64.ActiveCfg = Debug|Any CPU
		{357F83AB-ED98-4153-8AAF-097741C3F6FD}.Debug|x64.Build.0 = Debug|Any CPU
		{357F83AB-ED98-4153-8AAF-097741C3F6FD}.Debug|x86.ActiveCfg = Debug|Any CPU
		{357F83AB-ED98-4153-8AAF-097741C3F6FD}.Debug|x86.Build.0 = Debug|Any CPU
		{357F83AB-ED98-4153-8AAF-097741C3F6FD}.Release|Any CPU.ActiveCfg = Release|Any CPU
		{357F83AB-ED98-4153-8AAF-097741C3F6FD}.Release|Any CPU.Build.0 = Release|Any CPU
		{357F83AB-ED98-4153-8AAF-097741C3F6FD}.Release|x64.ActiveCfg = Release|Any CPU
		{357F83AB-ED98-4153-8AAF-097741C3F6FD}.Release|x64.Build.0 = Release|Any CPU
		{357F83AB-ED98-4153-8AAF-097741C3F6FD}.Release|x86.ActiveCfg = Release|Any CPU
		{357F83AB-ED98-4153-8AAF-097741C3F6FD}.Release|x86.Build.0 = Release|Any CPU
		{B800D848-378B-49CB-A6A2-C988BFC81D49}.Debug|Any CPU.ActiveCfg = Debug|Any CPU
		{B800D848-378B-49CB-A6A2-C988BFC81D49}.Debug|Any CPU.Build.0 = Debug|Any CPU
		{B800D848-378B-49CB-A6A2-C988BFC81D49}.Debug|x64.ActiveCfg = Debug|Any CPU
		{B800D848-378B-49CB-A6A2-C988BFC81D49}.Debug|x64.Build.0 = Debug|Any CPU
		{B800D848-378B-49CB-A6A2-C988BFC81D49}.Debug|x86.ActiveCfg = Debug|Any CPU
		{B800D848-378B-49CB-A6A2-C988BFC81D49}.Debug|x86.Build.0 = Debug|Any CPU
		{B800D848-378B-49CB-A6A2-C988BFC81D49}.Release|Any CPU.ActiveCfg = Release|Any CPU
		{B800D848-378B-49CB-A6A2-C988BFC81D49}.Release|Any CPU.Build.0 = Release|Any CPU
		{B800D848-378B-49CB-A6A2-C988BFC81D49}.Release|x64.ActiveCfg = Release|Any CPU
		{B800D848-378B-49CB-A6A2-C988BFC81D49}.Release|x64.Build.0 = Release|Any CPU
		{B800D848-378B-49CB-A6A2-C988BFC81D49}.Release|x86.ActiveCfg = Release|Any CPU
		{B800D848-378B-49CB-A6A2-C988BFC81D49}.Release|x86.Build.0 = Release|Any CPU
		{F44D48E1-9E9A-460D-83A3-E043E4BB143D}.Debug|Any CPU.ActiveCfg = Debug|Any CPU
		{F44D48E1-9E9A-460D-83A3-E043E4BB143D}.Debug|Any CPU.Build.0 = Debug|Any CPU
		{F44D48E1-9E9A-460D-83A3-E043E4BB143D}.Debug|x64.ActiveCfg = Debug|Any CPU
		{F44D48E1-9E9A-460D-83A3-E043E4BB143D}.Debug|x64.Build.0 = Debug|Any CPU
		{F44D48E1-9E9A-460D-83A3-E043E4BB143D}.Debug|x86.ActiveCfg = Debug|Any CPU
		{F44D48E1-9E9A-460D-83A3-E043E4BB143D}.Debug|x86.Build.0 = Debug|Any CPU
		{F44D48E1-9E9A-460D-83A3-E043E4BB143D}.Release|Any CPU.ActiveCfg = Release|Any CPU
		{F44D48E1-9E9A-460D-83A3-E043E4BB143D}.Release|Any CPU.Build.0 = Release|Any CPU
		{F44D48E1-9E9A-460D-83A3-E043E4BB143D}.Release|x64.ActiveCfg = Release|Any CPU
		{F44D48E1-9E9A-460D-83A3-E043E4BB143D}.Release|x64.Build.0 = Release|Any CPU
		{F44D48E1-9E9A-460D-83A3-E043E4BB143D}.Release|x86.ActiveCfg = Release|Any CPU
		{F44D48E1-9E9A-460D-83A3-E043E4BB143D}.Release|x86.Build.0 = Release|Any CPU
		{2FDA9367-D15C-489C-A85B-63EBF68D37B2}.Debug|Any CPU.ActiveCfg = Debug|Any CPU
		{2FDA9367-D15C-489C-A85B-63EBF68D37B2}.Debug|Any CPU.Build.0 = Debug|Any CPU
		{2FDA9367-D15C-489C-A85B-63EBF68D37B2}.Debug|x64.ActiveCfg = Debug|Any CPU
		{2FDA9367-D15C-489C-A85B-63EBF68D37B2}.Debug|x64.Build.0 = Debug|Any CPU
		{2FDA9367-D15C-489C-A85B-63EBF68D37B2}.Debug|x86.ActiveCfg = Debug|Any CPU
		{2FDA9367-D15C-489C-A85B-63EBF68D37B2}.Debug|x86.Build.0 = Debug|Any CPU
		{2FDA9367-D15C-489C-A85B-63EBF68D37B2}.Release|Any CPU.ActiveCfg = Release|Any CPU
		{2FDA9367-D15C-489C-A85B-63EBF68D37B2}.Release|Any CPU.Build.0 = Release|Any CPU
		{2FDA9367-D15C-489C-A85B-63EBF68D37B2}.Release|x64.ActiveCfg = Release|Any CPU
		{2FDA9367-D15C-489C-A85B-63EBF68D37B2}.Release|x64.Build.0 = Release|Any CPU
		{2FDA9367-D15C-489C-A85B-63EBF68D37B2}.Release|x86.ActiveCfg = Release|Any CPU
		{2FDA9367-D15C-489C-A85B-63EBF68D37B2}.Release|x86.Build.0 = Release|Any CPU
	EndGlobalSection
	GlobalSection(SolutionProperties) = preSolution
		HideSolutionNode = FALSE
	EndGlobalSection
	GlobalSection(NestedProjects) = preSolution
		{357F83AB-ED98-4153-8AAF-097741C3F6FD} = {827E0CD3-B72D-47B6-A68D-7590B98EB39B}
		{B800D848-378B-49CB-A6A2-C988BFC81D49} = {827E0CD3-B72D-47B6-A68D-7590B98EB39B}
		{F44D48E1-9E9A-460D-83A3-E043E4BB143D} = {827E0CD3-B72D-47B6-A68D-7590B98EB39B}
		{2FDA9367-D15C-489C-A85B-63EBF68D37B2} = {827E0CD3-B72D-47B6-A68D-7590B98EB39B}
	EndGlobalSection
EndGlobal
