
Microsoft Visual Studio Solution File, Format Version 12.00
# Visual Studio Version 17
VisualStudioVersion = 17.0.31903.59
MinimumVisualStudioVersion = 10.0.40219.1
Project("{2150E333-8FDC-42A3-9474-1A3956D46DE8}") = "src", "src", "{827E0CD3-B72D-47B6-A68D-7590B98EB39B}"
EndProject
Project("{2150E333-8FDC-42A3-9474-1A3956D46DE8}") = "UI", "UI", "{A1B2C3D4-E5F6-47A8-9B0C-D1E2F3A4B5C6}"
EndProject
Project("{FAE04EC0-301F-11D3-BF4B-00C04F79EFBC}") = "Triviador.Domain", "src\Triviador.Domain\Triviador.Domain.csproj", "{357F83AB-ED98-4153-8AAF-097741C3F6FD}"
EndProject
Project("{FAE04EC0-301F-11D3-BF4B-00C04F79EFBC}") = "Triviador.Web", "src\UI\Triviador.Web\Triviador.Web.csproj", "{B800D848-378B-49CB-A6A2-C988BFC81D49}"
EndProject
Project("{FAE04EC0-301F-11D3-BF4B-00C04F79EFBC}") = "Triviador.Application", "src\Triviador.Application\Triviador.Application.csproj", "{22688930-0D7A-49E2-BD0D-9744D766D4C1}"
EndProject
Project("{FAE04EC0-301F-11D3-BF4B-00C04F79EFBC}") = "Triviador.Infrastructure", "src\Triviador.Infrastructure\Triviador.Infrastructure.csproj", "{74193B9D-C479-4974-91AE-D82B04565941}"
EndProject
Project("{2150E333-8FDC-42A3-9474-1A3956D46DE8}") = "openspec", "openspec", "{E1000000-0000-0000-0000-000000000001}"
	ProjectSection(SolutionItems) = preProject
		openspec\config.yaml = openspec\config.yaml
	EndProjectSection
EndProject
Project("{2150E333-8FDC-42A3-9474-1A3956D46DE8}") = "changes", "changes", "{E1000000-0000-0000-0000-000000000002}"
EndProject
Project("{2150E333-8FDC-42A3-9474-1A3956D46DE8}") = "archive", "archive", "{E1000000-0000-0000-0000-000000000003}"
EndProject
Project("{2150E333-8FDC-42A3-9474-1A3956D46DE8}") = "2026-07-31-restructure-clean-architecture", "2026-07-31-restructure-clean-architecture", "{E1000000-0000-0000-0000-000000000004}"
	ProjectSection(SolutionItems) = preProject
		openspec\changes\archive\2026-07-31-restructure-clean-architecture\.openspec.yaml = openspec\changes\archive\2026-07-31-restructure-clean-architecture\.openspec.yaml
		openspec\changes\archive\2026-07-31-restructure-clean-architecture\README.md = openspec\changes\archive\2026-07-31-restructure-clean-architecture\README.md
		openspec\changes\archive\2026-07-31-restructure-clean-architecture\proposal.md = openspec\changes\archive\2026-07-31-restructure-clean-architecture\proposal.md
		openspec\changes\archive\2026-07-31-restructure-clean-architecture\design.md = openspec\changes\archive\2026-07-31-restructure-clean-architecture\design.md
		openspec\changes\archive\2026-07-31-restructure-clean-architecture\tasks.md = openspec\changes\archive\2026-07-31-restructure-clean-architecture\tasks.md
	EndProjectSection
EndProject
Project("{2150E333-8FDC-42A3-9474-1A3956D46DE8}") = "rooms-and-lobby", "rooms-and-lobby", "{E1000000-0000-0000-0000-000000000005}"
	ProjectSection(SolutionItems) = preProject
		openspec\changes\rooms-and-lobby\.openspec.yaml = openspec\changes\rooms-and-lobby\.openspec.yaml
		openspec\changes\rooms-and-lobby\README.md = openspec\changes\rooms-and-lobby\README.md
		openspec\changes\rooms-and-lobby\proposal.md = openspec\changes\rooms-and-lobby\proposal.md
		openspec\changes\rooms-and-lobby\design.md = openspec\changes\rooms-and-lobby\design.md
		openspec\changes\rooms-and-lobby\tasks.md = openspec\changes\rooms-and-lobby\tasks.md
	EndProjectSection
EndProject
Project("{2150E333-8FDC-42A3-9474-1A3956D46DE8}") = "specs", "specs", "{E1000000-0000-0000-0000-000000000006}"
EndProject
Project("{2150E333-8FDC-42A3-9474-1A3956D46DE8}") = "room-lobby", "room-lobby", "{E1000000-0000-0000-0000-000000000007}"
	ProjectSection(SolutionItems) = preProject
		openspec\changes\rooms-and-lobby\specs\room-lobby\spec.md = openspec\changes\rooms-and-lobby\specs\room-lobby\spec.md
	EndProjectSection
EndProject
Global
	GlobalSection(SolutionConfigurationPlatforms) = preSolution
		Debug|Any CPU = Debug|Any CPU
		Debug|x64 = Debug|x64
		Debug|x86 = Debug|x86
		Release|Any CPU = Release|Any CPU
		Release|x64 = Release|x64
		Release|x86 = Release|x86
	EndGlobalSection
	GlobalSection(ProjectConfigurationPlatforms) = postSolution
		{357F83AB-ED98-4153-8AAF-097741C3F6FD}.Debug|Any CPU.ActiveCfg = Debug|Any CPU
		{357F83AB-ED98-4153-8AAF-097741C3F6FD}.Debug|Any CPU.Build.0 = Debug|Any CPU
		{357F83AB-ED98-4153-8AAF-097741C3F6FD}.Debug|x64.ActiveCfg = Debug|Any CPU
		{357F83AB-ED98-4153-8AAF-097741C3F6FD}.Debug|x64.Build.0 = Debug|Any CPU
		{357F83AB-ED98-4153-8AAF-097741C3F6FD}.Debug|x86.ActiveCfg = Debug|Any CPU
		{357F83AB-ED98-4153-8AAF-097741C3F6FD}.Debug|x86.Build.0 = Debug|Any CPU
		{357F83AB-ED98-4153-8AAF-097741C3F6FD}.Release|Any CPU.ActiveCfg = Release|Any CPU
		{357F83AB-ED98-4153-8AAF-097741C3F6FD}.Release|Any CPU.Build.0 = Release|Any CPU
		{357F83AB-ED98-4153-8AAF-097741C3F6FD}.Release|x64.ActiveCfg = Release|Any CPU
		{357F83AB-ED98-4153-8AAF-097741C3F6FD}.Release|x64.Build.0 = Release|Any CPU
		{357F83AB-ED98-4153-8AAF-097741C3F6FD}.Release|x86.ActiveCfg = Release|Any CPU
		{357F83AB-ED98-4153-8AAF-097741C3F6FD}.Release|x86.Build.0 = Release|Any CPU
		{B800D848-378B-49CB-A6A2-C988BFC81D49}.Debug|Any CPU.ActiveCfg = Debug|Any CPU
		{B800D848-378B-49CB-A6A2-C988BFC81D49}.Debug|Any CPU.Build.0 = Debug|Any CPU
		{B800D848-378B-49CB-A6A2-C988BFC81D49}.Debug|x64.ActiveCfg = Debug|Any CPU
		{B800D848-378B-49CB-A6A2-C988BFC81D49}.Debug|x64.Build.0 = Debug|Any CPU
		{B800D848-378B-49CB-A6A2-C988BFC81D49}.Debug|x86.ActiveCfg = Debug|Any CPU
		{B800D848-378B-49CB-A6A2-C988BFC81D49}.Debug|x86.Build.0 = Debug|Any CPU
		{B800D848-378B-49CB-A6A2-C988BFC81D49}.Release|Any CPU.ActiveCfg = Release|Any CPU
		{B800D848-378B-49CB-A6A2-C988BFC81D49}.Release|Any CPU.Build.0 = Release|Any CPU
		{B800D848-378B-49CB-A6A2-C988BFC81D49}.Release|x64.ActiveCfg = Release|Any CPU
		{B800D848-378B-49CB-A6A2-C988BFC81D49}.Release|x64.Build.0 = Release|Any CPU
		{B800D848-378B-49CB-A6A2-C988BFC81D49}.Release|x86.ActiveCfg = Release|Any CPU
		{B800D848-378B-49CB-A6A2-C988BFC81D49}.Release|x86.Build.0 = Release|Any CPU
		{22688930-0D7A-49E2-BD0D-9744D766D4C1}.Debug|Any CPU.ActiveCfg = Debug|Any CPU
		{22688930-0D7A-49E2-BD0D-9744D766D4C1}.Debug|Any CPU.Build.0 = Debug|Any CPU
		{22688930-0D7A-49E2-BD0D-9744D766D4C1}.Debug|x64.ActiveCfg = Debug|Any CPU
		{22688930-0D7A-49E2-BD0D-9744D766D4C1}.Debug|x64.Build.0 = Debug|Any CPU
		{22688930-0D7A-49E2-BD0D-9744D766D4C1}.Debug|x86.ActiveCfg = Debug|Any CPU
		{22688930-0D7A-49E2-BD0D-9744D766D4C1}.Debug|x86.Build.0 = Debug|Any CPU
		{22688930-0D7A-49E2-BD0D-9744D766D4C1}.Release|Any CPU.ActiveCfg = Release|Any CPU
		{22688930-0D7A-49E2-BD0D-9744D766D4C1}.Release|Any CPU.Build.0 = Release|Any CPU
		{22688930-0D7A-49E2-BD0D-9744D766D4C1}.Release|x64.ActiveCfg = Release|Any CPU
		{22688930-0D7A-49E2-BD0D-9744D766D4C1}.Release|x64.Build.0 = Release|Any CPU
		{22688930-0D7A-49E2-BD0D-9744D766D4C1}.Release|x86.ActiveCfg = Release|Any CPU
		{22688930-0D7A-49E2-BD0D-9744D766D4C1}.Release|x86.Build.0 = Release|Any CPU
		{74193B9D-C479-4974-91AE-D82B04565941}.Debug|Any CPU.ActiveCfg = Debug|Any CPU
		{74193B9D-C479-4974-91AE-D82B04565941}.Debug|Any CPU.Build.0 = Debug|Any CPU
		{74193B9D-C479-4974-91AE-D82B04565941}.Debug|x64.ActiveCfg = Debug|Any CPU
		{74193B9D-C479-4974-91AE-D82B04565941}.Debug|x64.Build.0 = Debug|Any CPU
		{74193B9D-C479-4974-91AE-D82B04565941}.Debug|x86.ActiveCfg = Debug|Any CPU
		{74193B9D-C479-4974-91AE-D82B04565941}.Debug|x86.Build.0 = Debug|Any CPU
		{74193B9D-C479-4974-91AE-D82B04565941}.Release|Any CPU.ActiveCfg = Release|Any CPU
		{74193B9D-C479-4974-91AE-D82B04565941}.Release|Any CPU.Build.0 = Release|Any CPU
		{74193B9D-C479-4974-91AE-D82B04565941}.Release|x64.ActiveCfg = Release|Any CPU
		{74193B9D-C479-4974-91AE-D82B04565941}.Release|x64.Build.0 = Release|Any CPU
		{74193B9D-C479-4974-91AE-D82B04565941}.Release|x86.ActiveCfg = Release|Any CPU
		{74193B9D-C479-4974-91AE-D82B04565941}.Release|x86.Build.0 = Release|Any CPU
	EndGlobalSection
	GlobalSection(SolutionProperties) = preSolution
		HideSolutionNode = FALSE
	EndGlobalSection
	GlobalSection(NestedProjects) = preSolution
		{357F83AB-ED98-4153-8AAF-097741C3F6FD} = {827E0CD3-B72D-47B6-A68D-7590B98EB39B}
		{22688930-0D7A-49E2-BD0D-9744D766D4C1} = {827E0CD3-B72D-47B6-A68D-7590B98EB39B}
		{74193B9D-C479-4974-91AE-D82B04565941} = {827E0CD3-B72D-47B6-A68D-7590B98EB39B}
		{A1B2C3D4-E5F6-47A8-9B0C-D1E2F3A4B5C6} = {827E0CD3-B72D-47B6-A68D-7590B98EB39B}
		{B800D848-378B-49CB-A6A2-C988BFC81D49} = {A1B2C3D4-E5F6-47A8-9B0C-D1E2F3A4B5C6}
		{E1000000-0000-0000-0000-000000000002} = {E1000000-0000-0000-0000-000000000001}
		{E1000000-0000-0000-0000-000000000003} = {E1000000-0000-0000-0000-000000000002}
		{E1000000-0000-0000-0000-000000000004} = {E1000000-0000-0000-0000-000000000003}
		{E1000000-0000-0000-0000-000000000005} = {E1000000-0000-0000-0000-000000000002}
		{E1000000-0000-0000-0000-000000000006} = {E1000000-0000-0000-0000-000000000005}
		{E1000000-0000-0000-0000-000000000007} = {E1000000-0000-0000-0000-000000000006}
	EndGlobalSection
EndGlobal
